
Microsoft Visual Studio Solution File, Format Version 12.00
# Visual Studio Version 17
VisualStudioVersion = 17.8.34525.116
MinimumVisualStudioVersion = 10.0.40219.1
Project("{FAE04EC0-301F-11D3-BF4B-00C04F79EFBC}") = "PlayerMove", "PlayerMove\PlayerMove.csproj", "{4DDF6BEB-54B3-4195-AD5A-B1BD8F39E2FD}"
EndProject
Global
	GlobalSection(SolutionConfigurationPlatforms) = preSolution
		Debug|Any CPU = Debug|Any CPU
		Release|Any CPU = Release|Any CPU
	EndGlobalSection
	GlobalSection(ProjectConfigurationPlatforms) = postSolution
		{4DDF6BEB-54B3-4195-AD5A-B1BD8F39E2FD}.Debug|Any CPU.ActiveCfg = Debug|Any CPU
		{4DDF6BEB-54B3-4195-AD5A-B1BD8F39E2FD}.Debug|Any CPU.Build.0 = Debug|Any CPU
		{4DDF6BEB-54B3-4195-AD5A-B1BD8F39E2FD}.Release|Any CPU.ActiveCfg = Release|Any CPU
		{4DDF6BEB-54B3-4195-AD5A-B1BD8F39E2FD}.Release|Any CPU.Build.0 = Release|Any CPU
	EndGlobalSection
	GlobalSection(SolutionProperties) = preSolution
		HideSolutionNode = FALSE
	EndGlobalSection
	GlobalSection(ExtensibilityGlobals) = postSolution
		SolutionGuid = {DEA5F1EF-9E1C-40A9-BC0A-CD4FA282E432}
	EndGlobalSection
EndGlobal
